{
  "requires": true,
  "lockfileVersion": 1,
  "dependencies": {
    "@dcloudio/uni-ui": {
      "version": "1.1.8",
      "resolved": "https://registry.npm.taobao.org/@dcloudio/uni-ui/download/@dcloudio/uni-ui-1.1.8.tgz",
      "integrity": "sha1-ZtES2MkQSDXmNfKTqC12Cqyycz0="
    },
    "hm-uniapp-echarts": {
      "version": "0.0.3",
      "resolved": "https://registry.npmjs.org/hm-uniapp-echarts/-/hm-uniapp-echarts-0.0.3.tgz",
      "integrity": "sha512-7qXm1U0V7bhxp2OiBHHcTZCW6S9liKKSXlq6KIoHUsnVLyTRuMUAGMZvARd82vSSab4cPEP6fZfV9NuHV5rULg=="
    }
  }
}
